
Microsoft Visual Studio Solution File, Format Version 12.00
# Visual Studio Version 17
VisualStudioVersion = 17.5.33424.131
MinimumVisualStudioVersion = 10.0.40219.1
Project("{9A19103F-16F7-4668-BE54-9A1E7A4F7556}") = "Notes.WebClient", "Notes.WebClient\Notes.WebClient.csproj", "{ACDCA1FA-EAFB-4584-82EB-DC5458D7538A}"
EndProject
Project("{2150E333-8FDC-42A3-9474-1A3956D46DE8}") = "Presentation", "Presentation", "{EA13823E-0347-4018-AA3D-FD52578D0FBF}"
EndProject
Project("{9A19103F-16F7-4668-BE54-9A1E7A4F7556}") = "Notes.WebApi", "Notes.WebApi\Notes.WebApi.csproj", "{455657D0-BA68-4D63-A6C6-81915B7F2594}"
EndProject
Project("{2150E333-8FDC-42A3-9474-1A3956D46DE8}") = "Core", "Core", "{FEF499C5-A192-437D-B937-800C4A3BEEC1}"
EndProject
Project("{9A19103F-16F7-4668-BE54-9A1E7A4F7556}") = "Notes.Application", "Notes.Appllication\Notes.Application.csproj", "{802B5838-FE76-4073-A227-B59801F5831D}"
EndProject
Project("{2150E333-8FDC-42A3-9474-1A3956D46DE8}") = "Infrastructure", "Infrastructure", "{1E695CA6-246E-4D6E-8E5B-471278317095}"
EndProject
Project("{9A19103F-16F7-4668-BE54-9A1E7A4F7556}") = "Notes.Persistence", "Notes.Persistence\Notes.Persistence.csproj", "{B6A6565D-ACB8-414D-8F15-B0906E40E85D}"
EndProject
Project("{9A19103F-16F7-4668-BE54-9A1E7A4F7556}") = "Notes.Desktop", "Notes.Desktop\Notes.Desktop.csproj", "{7A874D23-442A-4D46-A5D4-93C6EB50A84B}"
EndProject
Project("{FAE04EC0-301F-11D3-BF4B-00C04F79EFBC}") = "Notes.Mobile.UWP", "Notes.Mobile\Notes.Mobile.UWP\Notes.Mobile.UWP.csproj", "{C7CE17B6-6D96-4E72-AD3E-61B7181F9A73}"
EndProject
Project("{FAE04EC0-301F-11D3-BF4B-00C04F79EFBC}") = "Notes.Mobile.Android", "Notes.Mobile\Notes.Mobile.Android\Notes.Mobile.Android.csproj", "{E3D97E6E-23A7-42C5-A3C9-D3DB17CF7546}"
EndProject
Project("{FAE04EC0-301F-11D3-BF4B-00C04F79EFBC}") = "Notes.Mobile.iOS", "Notes.Mobile\Notes.Mobile.iOS\Notes.Mobile.iOS.csproj", "{9D2B850E-ECDF-4EE6-B51F-EBBF4E59CCE6}"
EndProject
Project("{9A19103F-16F7-4668-BE54-9A1E7A4F7556}") = "Notes.Mobile", "Notes.Mobile\Notes.Mobile\Notes.Mobile.csproj", "{0FE6D9BB-27B2-4CE4-A63E-15F63617D0CD}"
EndProject
Project("{FAE04EC0-301F-11D3-BF4B-00C04F79EFBC}") = "Notes.MobileApplication", "Notes.MobileApplication\Notes.MobileApplication.csproj", "{3D748786-7408-4E95-9E6F-1930B676A2B9}"
EndProject
Global
	GlobalSection(SolutionConfigurationPlatforms) = preSolution
		Debug|Any CPU = Debug|Any CPU
		Debug|ARM = Debug|ARM
		Debug|iPhone = Debug|iPhone
		Debug|iPhoneSimulator = Debug|iPhoneSimulator
		Debug|x64 = Debug|x64
		Debug|x86 = Debug|x86
		Release|Any CPU = Release|Any CPU
		Release|ARM = Release|ARM
		Release|iPhone = Release|iPhone
		Release|iPhoneSimulator = Release|iPhoneSimulator
		Release|x64 = Release|x64
		Release|x86 = Release|x86
	EndGlobalSection
	GlobalSection(ProjectConfigurationPlatforms) = postSolution
		{ACDCA1FA-EAFB-4584-82EB-DC5458D7538A}.Debug|Any CPU.ActiveCfg = Debug|Any CPU
		{ACDCA1FA-EAFB-4584-82EB-DC5458D7538A}.Debug|Any CPU.Build.0 = Debug|Any CPU
		{ACDCA1FA-EAFB-4584-82EB-DC5458D7538A}.Debug|ARM.ActiveCfg = Debug|Any CPU
		{ACDCA1FA-EAFB-4584-82EB-DC5458D7538A}.Debug|ARM.Build.0 = Debug|Any CPU
		{ACDCA1FA-EAFB-4584-82EB-DC5458D7538A}.Debug|iPhone.ActiveCfg = Debug|Any CPU
		{ACDCA1FA-EAFB-4584-82EB-DC5458D7538A}.Debug|iPhone.Build.0 = Debug|Any CPU
		{ACDCA1FA-EAFB-4584-82EB-DC5458D7538A}.Debug|iPhoneSimulator.ActiveCfg = Debug|Any CPU
		{ACDCA1FA-EAFB-4584-82EB-DC5458D7538A}.Debug|iPhoneSimulator.Build.0 = Debug|Any CPU
		{ACDCA1FA-EAFB-4584-82EB-DC5458D7538A}.Debug|x64.ActiveCfg = Debug|Any CPU
		{ACDCA1FA-EAFB-4584-82EB-DC5458D7538A}.Debug|x64.Build.0 = Debug|Any CPU
		{ACDCA1FA-EAFB-4584-82EB-DC5458D7538A}.Debug|x86.ActiveCfg = Debug|Any CPU
		{ACDCA1FA-EAFB-4584-82EB-DC5458D7538A}.Debug|x86.Build.0 = Debug|Any CPU
		{ACDCA1FA-EAFB-4584-82EB-DC5458D7538A}.Release|Any CPU.ActiveCfg = Release|Any CPU
		{ACDCA1FA-EAFB-4584-82EB-DC5458D7538A}.Release|Any CPU.Build.0 = Release|Any CPU
		{ACDCA1FA-EAFB-4584-82EB-DC5458D7538A}.Release|ARM.ActiveCfg = Release|Any CPU
		{ACDCA1FA-EAFB-4584-82EB-DC5458D7538A}.Release|ARM.Build.0 = Release|Any CPU
		{ACDCA1FA-EAFB-4584-82EB-DC5458D7538A}.Release|iPhone.ActiveCfg = Release|Any CPU
		{ACDCA1FA-EAFB-4584-82EB-DC5458D7538A}.Release|iPhone.Build.0 = Release|Any CPU
		{ACDCA1FA-EAFB-4584-82EB-DC5458D7538A}.Release|iPhoneSimulator.ActiveCfg = Release|Any CPU
		{ACDCA1FA-EAFB-4584-82EB-DC5458D7538A}.Release|iPhoneSimulator.Build.0 = Release|Any CPU
		{ACDCA1FA-EAFB-4584-82EB-DC5458D7538A}.Release|x64.ActiveCfg = Release|Any CPU
		{ACDCA1FA-EAFB-4584-82EB-DC5458D7538A}.Release|x64.Build.0 = Release|Any CPU
		{ACDCA1FA-EAFB-4584-82EB-DC5458D7538A}.Release|x86.ActiveCfg = Release|Any CPU
		{ACDCA1FA-EAFB-4584-82EB-DC5458D7538A}.Release|x86.Build.0 = Release|Any CPU
		{455657D0-BA68-4D63-A6C6-81915B7F2594}.Debug|Any CPU.ActiveCfg = Debug|Any CPU
		{455657D0-BA68-4D63-A6C6-81915B7F2594}.Debug|Any CPU.Build.0 = Debug|Any CPU
		{455657D0-BA68-4D63-A6C6-81915B7F2594}.Debug|ARM.ActiveCfg = Debug|Any CPU
		{455657D0-BA68-4D63-A6C6-81915B7F2594}.Debug|ARM.Build.0 = Debug|Any CPU
		{455657D0-BA68-4D63-A6C6-81915B7F2594}.Debug|iPhone.ActiveCfg = Debug|Any CPU
		{455657D0-BA68-4D63-A6C6-81915B7F2594}.Debug|iPhone.Build.0 = Debug|Any CPU
		{455657D0-BA68-4D63-A6C6-81915B7F2594}.Debug|iPhoneSimulator.ActiveCfg = Debug|Any CPU
		{455657D0-BA68-4D63-A6C6-81915B7F2594}.Debug|iPhoneSimulator.Build.0 = Debug|Any CPU
		{455657D0-BA68-4D63-A6C6-81915B7F2594}.Debug|x64.ActiveCfg = Debug|Any CPU
		{455657D0-BA68-4D63-A6C6-81915B7F2594}.Debug|x64.Build.0 = Debug|Any CPU
		{455657D0-BA68-4D63-A6C6-81915B7F2594}.Debug|x86.ActiveCfg = Debug|Any CPU
		{455657D0-BA68-4D63-A6C6-81915B7F2594}.Debug|x86.Build.0 = Debug|Any CPU
		{455657D0-BA68-4D63-A6C6-81915B7F2594}.Release|Any CPU.ActiveCfg = Release|Any CPU
		{455657D0-BA68-4D63-A6C6-81915B7F2594}.Release|Any CPU.Build.0 = Release|Any CPU
		{455657D0-BA68-4D63-A6C6-81915B7F2594}.Release|ARM.ActiveCfg = Release|Any CPU
		{455657D0-BA68-4D63-A6C6-81915B7F2594}.Release|ARM.Build.0 = Release|Any CPU
		{455657D0-BA68-4D63-A6C6-81915B7F2594}.Release|iPhone.ActiveCfg = Release|Any CPU
		{455657D0-BA68-4D63-A6C6-81915B7F2594}.Release|iPhone.Build.0 = Release|Any CPU
		{455657D0-BA68-4D63-A6C6-81915B7F2594}.Release|iPhoneSimulator.ActiveCfg = Release|Any CPU
		{455657D0-BA68-4D63-A6C6-81915B7F2594}.Release|iPhoneSimulator.Build.0 = Release|Any CPU
		{455657D0-BA68-4D63-A6C6-81915B7F2594}.Release|x64.ActiveCfg = Release|Any CPU
		{455657D0-BA68-4D63-A6C6-81915B7F2594}.Release|x64.Build.0 = Release|Any CPU
		{455657D0-BA68-4D63-A6C6-81915B7F2594}.Release|x86.ActiveCfg = Release|Any CPU
		{455657D0-BA68-4D63-A6C6-81915B7F2594}.Release|x86.Build.0 = Release|Any CPU
		{802B5838-FE76-4073-A227-B59801F5831D}.Debug|Any CPU.ActiveCfg = Debug|Any CPU
		{802B5838-FE76-4073-A227-B59801F5831D}.Debug|Any CPU.Build.0 = Debug|Any CPU
		{802B5838-FE76-4073-A227-B59801F5831D}.Debug|ARM.ActiveCfg = Debug|Any CPU
		{802B5838-FE76-4073-A227-B59801F5831D}.Debug|ARM.Build.0 = Debug|Any CPU
		{802B5838-FE76-4073-A227-B59801F5831D}.Debug|iPhone.ActiveCfg = Debug|Any CPU
		{802B5838-FE76-4073-A227-B59801F5831D}.Debug|iPhone.Build.0 = Debug|Any CPU
		{802B5838-FE76-4073-A227-B59801F5831D}.Debug|iPhoneSimulator.ActiveCfg = Debug|Any CPU
		{802B5838-FE76-4073-A227-B59801F5831D}.Debug|iPhoneSimulator.Build.0 = Debug|Any CPU
		{802B5838-FE76-4073-A227-B59801F5831D}.Debug|x64.ActiveCfg = Debug|Any CPU
		{802B5838-FE76-4073-A227-B59801F5831D}.Debug|x64.Build.0 = Debug|Any CPU
		{802B5838-FE76-4073-A227-B59801F5831D}.Debug|x86.ActiveCfg = Debug|Any CPU
		{802B5838-FE76-4073-A227-B59801F5831D}.Debug|x86.Build.0 = Debug|Any CPU
		{802B5838-FE76-4073-A227-B59801F5831D}.Release|Any CPU.ActiveCfg = Release|Any CPU
		{802B5838-FE76-4073-A227-B59801F5831D}.Release|Any CPU.Build.0 = Release|Any CPU
		{802B5838-FE76-4073-A227-B59801F5831D}.Release|ARM.ActiveCfg = Release|Any CPU
		{802B5838-FE76-4073-A227-B59801F5831D}.Release|ARM.Build.0 = Release|Any CPU
		{802B5838-FE76-4073-A227-B59801F5831D}.Release|iPhone.ActiveCfg = Release|Any CPU
		{802B5838-FE76-4073-A227-B59801F5831D}.Release|iPhone.Build.0 = Release|Any CPU
		{802B5838-FE76-4073-A227-B59801F5831D}.Release|iPhoneSimulator.ActiveCfg = Release|Any CPU
		{802B5838-FE76-4073-A227-B59801F5831D}.Release|iPhoneSimulator.Build.0 = Release|Any CPU
		{802B5838-FE76-4073-A227-B59801F5831D}.Release|x64.ActiveCfg = Release|Any CPU
		{802B5838-FE76-4073-A227-B59801F5831D}.Release|x64.Build.0 = Release|Any CPU
		{802B5838-FE76-4073-A227-B59801F5831D}.Release|x86.ActiveCfg = Release|Any CPU
		{802B5838-FE76-4073-A227-B59801F5831D}.Release|x86.Build.0 = Release|Any CPU
		{B6A6565D-ACB8-414D-8F15-B0906E40E85D}.Debug|Any CPU.ActiveCfg = Debug|Any CPU
		{B6A6565D-ACB8-414D-8F15-B0906E40E85D}.Debug|Any CPU.Build.0 = Debug|Any CPU
		{B6A6565D-ACB8-414D-8F15-B0906E40E85D}.Debug|ARM.ActiveCfg = Debug|Any CPU
		{B6A6565D-ACB8-414D-8F15-B0906E40E85D}.Debug|ARM.Build.0 = Debug|Any CPU
		{B6A6565D-ACB8-414D-8F15-B0906E40E85D}.Debug|iPhone.ActiveCfg = Debug|Any CPU
		{B6A6565D-ACB8-414D-8F15-B0906E40E85D}.Debug|iPhone.Build.0 = Debug|Any CPU
		{B6A6565D-ACB8-414D-8F15-B0906E40E85D}.Debug|iPhoneSimulator.ActiveCfg = Debug|Any CPU
		{B6A6565D-ACB8-414D-8F15-B0906E40E85D}.Debug|iPhoneSimulator.Build.0 = Debug|Any CPU
		{B6A6565D-ACB8-414D-8F15-B0906E40E85D}.Debug|x64.ActiveCfg = Debug|Any CPU
		{B6A6565D-ACB8-414D-8F15-B0906E40E85D}.Debug|x64.Build.0 = Debug|Any CPU
		{B6A6565D-ACB8-414D-8F15-B0906E40E85D}.Debug|x86.ActiveCfg = Debug|Any CPU
		{B6A6565D-ACB8-414D-8F15-B0906E40E85D}.Debug|x86.Build.0 = Debug|Any CPU
		{B6A6565D-ACB8-414D-8F15-B0906E40E85D}.Release|Any CPU.ActiveCfg = Release|Any CPU
		{B6A6565D-ACB8-414D-8F15-B0906E40E85D}.Release|Any CPU.Build.0 = Release|Any CPU
		{B6A6565D-ACB8-414D-8F15-B0906E40E85D}.Release|ARM.ActiveCfg = Release|Any CPU
		{B6A6565D-ACB8-414D-8F15-B0906E40E85D}.Release|ARM.Build.0 = Release|Any CPU
		{B6A6565D-ACB8-414D-8F15-B0906E40E85D}.Release|iPhone.ActiveCfg = Release|Any CPU
		{B6A6565D-ACB8-414D-8F15-B0906E40E85D}.Release|iPhone.Build.0 = Release|Any CPU
		{B6A6565D-ACB8-414D-8F15-B0906E40E85D}.Release|iPhoneSimulator.ActiveCfg = Release|Any CPU
		{B6A6565D-ACB8-414D-8F15-B0906E40E85D}.Release|iPhoneSimulator.Build.0 = Release|Any CPU
		{B6A6565D-ACB8-414D-8F15-B0906E40E85D}.Release|x64.ActiveCfg = Release|Any CPU
		{B6A6565D-ACB8-414D-8F15-B0906E40E85D}.Release|x64.Build.0 = Release|Any CPU
		{B6A6565D-ACB8-414D-8F15-B0906E40E85D}.Release|x86.ActiveCfg = Release|Any CPU
		{B6A6565D-ACB8-414D-8F15-B0906E40E85D}.Release|x86.Build.0 = Release|Any CPU
		{7A874D23-442A-4D46-A5D4-93C6EB50A84B}.Debug|Any CPU.ActiveCfg = Debug|Any CPU
		{7A874D23-442A-4D46-A5D4-93C6EB50A84B}.Debug|Any CPU.Build.0 = Debug|Any CPU
		{7A874D23-442A-4D46-A5D4-93C6EB50A84B}.Debug|ARM.ActiveCfg = Debug|Any CPU
		{7A874D23-442A-4D46-A5D4-93C6EB50A84B}.Debug|ARM.Build.0 = Debug|Any CPU
		{7A874D23-442A-4D46-A5D4-93C6EB50A84B}.Debug|iPhone.ActiveCfg = Debug|Any CPU
		{7A874D23-442A-4D46-A5D4-93C6EB50A84B}.Debug|iPhone.Build.0 = Debug|Any CPU
		{7A874D23-442A-4D46-A5D4-93C6EB50A84B}.Debug|iPhoneSimulator.ActiveCfg = Debug|Any CPU
		{7A874D23-442A-4D46-A5D4-93C6EB50A84B}.Debug|iPhoneSimulator.Build.0 = Debug|Any CPU
		{7A874D23-442A-4D46-A5D4-93C6EB50A84B}.Debug|x64.ActiveCfg = Debug|Any CPU
		{7A874D23-442A-4D46-A5D4-93C6EB50A84B}.Debug|x64.Build.0 = Debug|Any CPU
		{7A874D23-442A-4D46-A5D4-93C6EB50A84B}.Debug|x86.ActiveCfg = Debug|Any CPU
		{7A874D23-442A-4D46-A5D4-93C6EB50A84B}.Debug|x86.Build.0 = Debug|Any CPU
		{7A874D23-442A-4D46-A5D4-93C6EB50A84B}.Release|Any CPU.ActiveCfg = Release|Any CPU
		{7A874D23-442A-4D46-A5D4-93C6EB50A84B}.Release|Any CPU.Build.0 = Release|Any CPU
		{7A874D23-442A-4D46-A5D4-93C6EB50A84B}.Release|ARM.ActiveCfg = Release|Any CPU
		{7A874D23-442A-4D46-A5D4-93C6EB50A84B}.Release|ARM.Build.0 = Release|Any CPU
		{7A874D23-442A-4D46-A5D4-93C6EB50A84B}.Release|iPhone.ActiveCfg = Release|Any CPU
		{7A874D23-442A-4D46-A5D4-93C6EB50A84B}.Release|iPhone.Build.0 = Release|Any CPU
		{7A874D23-442A-4D46-A5D4-93C6EB50A84B}.Release|iPhoneSimulator.ActiveCfg = Release|Any CPU
		{7A874D23-442A-4D46-A5D4-93C6EB50A84B}.Release|iPhoneSimulator.Build.0 = Release|Any CPU
		{7A874D23-442A-4D46-A5D4-93C6EB50A84B}.Release|x64.ActiveCfg = Release|Any CPU
		{7A874D23-442A-4D46-A5D4-93C6EB50A84B}.Release|x64.Build.0 = Release|Any CPU
		{7A874D23-442A-4D46-A5D4-93C6EB50A84B}.Release|x86.ActiveCfg = Release|Any CPU
		{7A874D23-442A-4D46-A5D4-93C6EB50A84B}.Release|x86.Build.0 = Release|Any CPU
		{C7CE17B6-6D96-4E72-AD3E-61B7181F9A73}.Debug|Any CPU.ActiveCfg = Debug|x64
		{C7CE17B6-6D96-4E72-AD3E-61B7181F9A73}.Debug|Any CPU.Build.0 = Debug|x64
		{C7CE17B6-6D96-4E72-AD3E-61B7181F9A73}.Debug|Any CPU.Deploy.0 = Debug|x64
		{C7CE17B6-6D96-4E72-AD3E-61B7181F9A73}.Debug|ARM.ActiveCfg = Debug|ARM
		{C7CE17B6-6D96-4E72-AD3E-61B7181F9A73}.Debug|ARM.Build.0 = Debug|ARM
		{C7CE17B6-6D96-4E72-AD3E-61B7181F9A73}.Debug|ARM.Deploy.0 = Debug|ARM
		{C7CE17B6-6D96-4E72-AD3E-61B7181F9A73}.Debug|iPhone.ActiveCfg = Debug|x64
		{C7CE17B6-6D96-4E72-AD3E-61B7181F9A73}.Debug|iPhone.Build.0 = Debug|x64
		{C7CE17B6-6D96-4E72-AD3E-61B7181F9A73}.Debug|iPhone.Deploy.0 = Debug|x64
		{C7CE17B6-6D96-4E72-AD3E-61B7181F9A73}.Debug|iPhoneSimulator.ActiveCfg = Debug|x64
		{C7CE17B6-6D96-4E72-AD3E-61B7181F9A73}.Debug|iPhoneSimulator.Build.0 = Debug|x64
		{C7CE17B6-6D96-4E72-AD3E-61B7181F9A73}.Debug|iPhoneSimulator.Deploy.0 = Debug|x64
		{C7CE17B6-6D96-4E72-AD3E-61B7181F9A73}.Debug|x64.ActiveCfg = Debug|x64
		{C7CE17B6-6D96-4E72-AD3E-61B7181F9A73}.Debug|x64.Build.0 = Debug|x64
		{C7CE17B6-6D96-4E72-AD3E-61B7181F9A73}.Debug|x64.Deploy.0 = Debug|x64
		{C7CE17B6-6D96-4E72-AD3E-61B7181F9A73}.Debug|x86.ActiveCfg = Debug|x86
		{C7CE17B6-6D96-4E72-AD3E-61B7181F9A73}.Debug|x86.Build.0 = Debug|x86
		{C7CE17B6-6D96-4E72-AD3E-61B7181F9A73}.Debug|x86.Deploy.0 = Debug|x86
		{C7CE17B6-6D96-4E72-AD3E-61B7181F9A73}.Release|Any CPU.ActiveCfg = Release|x64
		{C7CE17B6-6D96-4E72-AD3E-61B7181F9A73}.Release|Any CPU.Build.0 = Release|x64
		{C7CE17B6-6D96-4E72-AD3E-61B7181F9A73}.Release|Any CPU.Deploy.0 = Release|x64
		{C7CE17B6-6D96-4E72-AD3E-61B7181F9A73}.Release|ARM.ActiveCfg = Release|ARM
		{C7CE17B6-6D96-4E72-AD3E-61B7181F9A73}.Release|ARM.Build.0 = Release|ARM
		{C7CE17B6-6D96-4E72-AD3E-61B7181F9A73}.Release|ARM.Deploy.0 = Release|ARM
		{C7CE17B6-6D96-4E72-AD3E-61B7181F9A73}.Release|iPhone.ActiveCfg = Release|x64
		{C7CE17B6-6D96-4E72-AD3E-61B7181F9A73}.Release|iPhone.Build.0 = Release|x64
		{C7CE17B6-6D96-4E72-AD3E-61B7181F9A73}.Release|iPhone.Deploy.0 = Release|x64
		{C7CE17B6-6D96-4E72-AD3E-61B7181F9A73}.Release|iPhoneSimulator.ActiveCfg = Release|x64
		{C7CE17B6-6D96-4E72-AD3E-61B7181F9A73}.Release|iPhoneSimulator.Build.0 = Release|x64
		{C7CE17B6-6D96-4E72-AD3E-61B7181F9A73}.Release|iPhoneSimulator.Deploy.0 = Release|x64
		{C7CE17B6-6D96-4E72-AD3E-61B7181F9A73}.Release|x64.ActiveCfg = Release|x64
		{C7CE17B6-6D96-4E72-AD3E-61B7181F9A73}.Release|x64.Build.0 = Release|x64
		{C7CE17B6-6D96-4E72-AD3E-61B7181F9A73}.Release|x64.Deploy.0 = Release|x64
		{C7CE17B6-6D96-4E72-AD3E-61B7181F9A73}.Release|x86.ActiveCfg = Release|x86
		{C7CE17B6-6D96-4E72-AD3E-61B7181F9A73}.Release|x86.Build.0 = Release|x86
		{C7CE17B6-6D96-4E72-AD3E-61B7181F9A73}.Release|x86.Deploy.0 = Release|x86
		{E3D97E6E-23A7-42C5-A3C9-D3DB17CF7546}.Debug|Any CPU.ActiveCfg = Debug|Any CPU
		{E3D97E6E-23A7-42C5-A3C9-D3DB17CF7546}.Debug|Any CPU.Build.0 = Debug|Any CPU
		{E3D97E6E-23A7-42C5-A3C9-D3DB17CF7546}.Debug|Any CPU.Deploy.0 = Debug|Any CPU
		{E3D97E6E-23A7-42C5-A3C9-D3DB17CF7546}.Debug|ARM.ActiveCfg = Debug|Any CPU
		{E3D97E6E-23A7-42C5-A3C9-D3DB17CF7546}.Debug|ARM.Build.0 = Debug|Any CPU
		{E3D97E6E-23A7-42C5-A3C9-D3DB17CF7546}.Debug|ARM.Deploy.0 = Debug|Any CPU
		{E3D97E6E-23A7-42C5-A3C9-D3DB17CF7546}.Debug|iPhone.ActiveCfg = Debug|Any CPU
		{E3D97E6E-23A7-42C5-A3C9-D3DB17CF7546}.Debug|iPhone.Build.0 = Debug|Any CPU
		{E3D97E6E-23A7-42C5-A3C9-D3DB17CF7546}.Debug|iPhone.Deploy.0 = Debug|Any CPU
		{E3D97E6E-23A7-42C5-A3C9-D3DB17CF7546}.Debug|iPhoneSimulator.ActiveCfg = Debug|Any CPU
		{E3D97E6E-23A7-42C5-A3C9-D3DB17CF7546}.Debug|iPhoneSimulator.Build.0 = Debug|Any CPU
		{E3D97E6E-23A7-42C5-A3C9-D3DB17CF7546}.Debug|iPhoneSimulator.Deploy.0 = Debug|Any CPU
		{E3D97E6E-23A7-42C5-A3C9-D3DB17CF7546}.Debug|x64.ActiveCfg = Debug|Any CPU
		{E3D97E6E-23A7-42C5-A3C9-D3DB17CF7546}.Debug|x64.Build.0 = Debug|Any CPU
		{E3D97E6E-23A7-42C5-A3C9-D3DB17CF7546}.Debug|x64.Deploy.0 = Debug|Any CPU
		{E3D97E6E-23A7-42C5-A3C9-D3DB17CF7546}.Debug|x86.ActiveCfg = Debug|Any CPU
		{E3D97E6E-23A7-42C5-A3C9-D3DB17CF7546}.Debug|x86.Build.0 = Debug|Any CPU
		{E3D97E6E-23A7-42C5-A3C9-D3DB17CF7546}.Debug|x86.Deploy.0 = Debug|Any CPU
		{E3D97E6E-23A7-42C5-A3C9-D3DB17CF7546}.Release|Any CPU.ActiveCfg = Release|Any CPU
		{E3D97E6E-23A7-42C5-A3C9-D3DB17CF7546}.Release|Any CPU.Build.0 = Release|Any CPU
		{E3D97E6E-23A7-42C5-A3C9-D3DB17CF7546}.Release|Any CPU.Deploy.0 = Release|Any CPU
		{E3D97E6E-23A7-42C5-A3C9-D3DB17CF7546}.Release|ARM.ActiveCfg = Release|Any CPU
		{E3D97E6E-23A7-42C5-A3C9-D3DB17CF7546}.Release|ARM.Build.0 = Release|Any CPU
		{E3D97E6E-23A7-42C5-A3C9-D3DB17CF7546}.Release|ARM.Deploy.0 = Release|Any CPU
		{E3D97E6E-23A7-42C5-A3C9-D3DB17CF7546}.Release|iPhone.ActiveCfg = Release|Any CPU
		{E3D97E6E-23A7-42C5-A3C9-D3DB17CF7546}.Release|iPhone.Build.0 = Release|Any CPU
		{E3D97E6E-23A7-42C5-A3C9-D3DB17CF7546}.Release|iPhone.Deploy.0 = Release|Any CPU
		{E3D97E6E-23A7-42C5-A3C9-D3DB17CF7546}.Release|iPhoneSimulator.ActiveCfg = Release|Any CPU
		{E3D97E6E-23A7-42C5-A3C9-D3DB17CF7546}.Release|iPhoneSimulator.Build.0 = Release|Any CPU
		{E3D97E6E-23A7-42C5-A3C9-D3DB17CF7546}.Release|iPhoneSimulator.Deploy.0 = Release|Any CPU
		{E3D97E6E-23A7-42C5-A3C9-D3DB17CF7546}.Release|x64.ActiveCfg = Release|Any CPU
		{E3D97E6E-23A7-42C5-A3C9-D3DB17CF7546}.Release|x64.Build.0 = Release|Any CPU
		{E3D97E6E-23A7-42C5-A3C9-D3DB17CF7546}.Release|x64.Deploy.0 = Release|Any CPU
		{E3D97E6E-23A7-42C5-A3C9-D3DB17CF7546}.Release|x86.ActiveCfg = Release|Any CPU
		{E3D97E6E-23A7-42C5-A3C9-D3DB17CF7546}.Release|x86.Build.0 = Release|Any CPU
		{E3D97E6E-23A7-42C5-A3C9-D3DB17CF7546}.Release|x86.Deploy.0 = Release|Any CPU
		{9D2B850E-ECDF-4EE6-B51F-EBBF4E59CCE6}.Debug|Any CPU.ActiveCfg = Debug|iPhoneSimulator
		{9D2B850E-ECDF-4EE6-B51F-EBBF4E59CCE6}.Debug|Any CPU.Build.0 = Debug|iPhoneSimulator
		{9D2B850E-ECDF-4EE6-B51F-EBBF4E59CCE6}.Debug|ARM.ActiveCfg = Debug|iPhoneSimulator
		{9D2B850E-ECDF-4EE6-B51F-EBBF4E59CCE6}.Debug|ARM.Build.0 = Debug|iPhoneSimulator
		{9D2B850E-ECDF-4EE6-B51F-EBBF4E59CCE6}.Debug|iPhone.ActiveCfg = Debug|iPhone
		{9D2B850E-ECDF-4EE6-B51F-EBBF4E59CCE6}.Debug|iPhone.Build.0 = Debug|iPhone
		{9D2B850E-ECDF-4EE6-B51F-EBBF4E59CCE6}.Debug|iPhoneSimulator.ActiveCfg = Debug|iPhoneSimulator
		{9D2B850E-ECDF-4EE6-B51F-EBBF4E59CCE6}.Debug|iPhoneSimulator.Build.0 = Debug|iPhoneSimulator
		{9D2B850E-ECDF-4EE6-B51F-EBBF4E59CCE6}.Debug|x64.ActiveCfg = Debug|iPhoneSimulator
		{9D2B850E-ECDF-4EE6-B51F-EBBF4E59CCE6}.Debug|x64.Build.0 = Debug|iPhoneSimulator
		{9D2B850E-ECDF-4EE6-B51F-EBBF4E59CCE6}.Debug|x86.ActiveCfg = Debug|iPhoneSimulator
		{9D2B850E-ECDF-4EE6-B51F-EBBF4E59CCE6}.Debug|x86.Build.0 = Debug|iPhoneSimulator
		{9D2B850E-ECDF-4EE6-B51F-EBBF4E59CCE6}.Release|Any CPU.ActiveCfg = Release|iPhoneSimulator
		{9D2B850E-ECDF-4EE6-B51F-EBBF4E59CCE6}.Release|Any CPU.Build.0 = Release|iPhoneSimulator
		{9D2B850E-ECDF-4EE6-B51F-EBBF4E59CCE6}.Release|ARM.ActiveCfg = Release|iPhoneSimulator
		{9D2B850E-ECDF-4EE6-B51F-EBBF4E59CCE6}.Release|ARM.Build.0 = Release|iPhoneSimulator
		{9D2B850E-ECDF-4EE6-B51F-EBBF4E59CCE6}.Release|iPhone.ActiveCfg = Release|iPhone
		{9D2B850E-ECDF-4EE6-B51F-EBBF4E59CCE6}.Release|iPhone.Build.0 = Release|iPhone
		{9D2B850E-ECDF-4EE6-B51F-EBBF4E59CCE6}.Release|iPhoneSimulator.ActiveCfg = Release|iPhoneSimulator
		{9D2B850E-ECDF-4EE6-B51F-EBBF4E59CCE6}.Release|iPhoneSimulator.Build.0 = Release|iPhoneSimulator
		{9D2B850E-ECDF-4EE6-B51F-EBBF4E59CCE6}.Release|x64.ActiveCfg = Release|iPhoneSimulator
		{9D2B850E-ECDF-4EE6-B51F-EBBF4E59CCE6}.Release|x64.Build.0 = Release|iPhoneSimulator
		{9D2B850E-ECDF-4EE6-B51F-EBBF4E59CCE6}.Release|x86.ActiveCfg = Release|iPhoneSimulator
		{9D2B850E-ECDF-4EE6-B51F-EBBF4E59CCE6}.Release|x86.Build.0 = Release|iPhoneSimulator
		{0FE6D9BB-27B2-4CE4-A63E-15F63617D0CD}.Debug|Any CPU.ActiveCfg = Debug|Any CPU
		{0FE6D9BB-27B2-4CE4-A63E-15F63617D0CD}.Debug|Any CPU.Build.0 = Debug|Any CPU
		{0FE6D9BB-27B2-4CE4-A63E-15F63617D0CD}.Debug|ARM.ActiveCfg = Debug|Any CPU
		{0FE6D9BB-27B2-4CE4-A63E-15F63617D0CD}.Debug|ARM.Build.0 = Debug|Any CPU
		{0FE6D9BB-27B2-4CE4-A63E-15F63617D0CD}.Debug|iPhone.ActiveCfg = Debug|Any CPU
		{0FE6D9BB-27B2-4CE4-A63E-15F63617D0CD}.Debug|iPhone.Build.0 = Debug|Any CPU
		{0FE6D9BB-27B2-4CE4-A63E-15F63617D0CD}.Debug|iPhoneSimulator.ActiveCfg = Debug|Any CPU
		{0FE6D9BB-27B2-4CE4-A63E-15F63617D0CD}.Debug|iPhoneSimulator.Build.0 = Debug|Any CPU
		{0FE6D9BB-27B2-4CE4-A63E-15F63617D0CD}.Debug|x64.ActiveCfg = Debug|Any CPU
		{0FE6D9BB-27B2-4CE4-A63E-15F63617D0CD}.Debug|x64.Build.0 = Debug|Any CPU
		{0FE6D9BB-27B2-4CE4-A63E-15F63617D0CD}.Debug|x86.ActiveCfg = Debug|Any CPU
		{0FE6D9BB-27B2-4CE4-A63E-15F63617D0CD}.Debug|x86.Build.0 = Debug|Any CPU
		{0FE6D9BB-27B2-4CE4-A63E-15F63617D0CD}.Release|Any CPU.ActiveCfg = Release|Any CPU
		{0FE6D9BB-27B2-4CE4-A63E-15F63617D0CD}.Release|Any CPU.Build.0 = Release|Any CPU
		{0FE6D9BB-27B2-4CE4-A63E-15F63617D0CD}.Release|ARM.ActiveCfg = Release|Any CPU
		{0FE6D9BB-27B2-4CE4-A63E-15F63617D0CD}.Release|ARM.Build.0 = Release|Any CPU
		{0FE6D9BB-27B2-4CE4-A63E-15F63617D0CD}.Release|iPhone.ActiveCfg = Release|Any CPU
		{0FE6D9BB-27B2-4CE4-A63E-15F63617D0CD}.Release|iPhone.Build.0 = Release|Any CPU
		{0FE6D9BB-27B2-4CE4-A63E-15F63617D0CD}.Release|iPhoneSimulator.ActiveCfg = Release|Any CPU
		{0FE6D9BB-27B2-4CE4-A63E-15F63617D0CD}.Release|iPhoneSimulator.Build.0 = Release|Any CPU
		{0FE6D9BB-27B2-4CE4-A63E-15F63617D0CD}.Release|x64.ActiveCfg = Release|Any CPU
		{0FE6D9BB-27B2-4CE4-A63E-15F63617D0CD}.Release|x64.Build.0 = Release|Any CPU
		{0FE6D9BB-27B2-4CE4-A63E-15F63617D0CD}.Release|x86.ActiveCfg = Release|Any CPU
		{0FE6D9BB-27B2-4CE4-A63E-15F63617D0CD}.Release|x86.Build.0 = Release|Any CPU
		{3D748786-7408-4E95-9E6F-1930B676A2B9}.Debug|Any CPU.ActiveCfg = Debug|Any CPU
		{3D748786-7408-4E95-9E6F-1930B676A2B9}.Debug|Any CPU.Build.0 = Debug|Any CPU
		{3D748786-7408-4E95-9E6F-1930B676A2B9}.Debug|ARM.ActiveCfg = Debug|Any CPU
		{3D748786-7408-4E95-9E6F-1930B676A2B9}.Debug|ARM.Build.0 = Debug|Any CPU
		{3D748786-7408-4E95-9E6F-1930B676A2B9}.Debug|iPhone.ActiveCfg = Debug|Any CPU
		{3D748786-7408-4E95-9E6F-1930B676A2B9}.Debug|iPhone.Build.0 = Debug|Any CPU
		{3D748786-7408-4E95-9E6F-1930B676A2B9}.Debug|iPhoneSimulator.ActiveCfg = Debug|Any CPU
		{3D748786-7408-4E95-9E6F-1930B676A2B9}.Debug|iPhoneSimulator.Build.0 = Debug|Any CPU
		{3D748786-7408-4E95-9E6F-1930B676A2B9}.Debug|x64.ActiveCfg = Debug|Any CPU
		{3D748786-7408-4E95-9E6F-1930B676A2B9}.Debug|x64.Build.0 = Debug|Any CPU
		{3D748786-7408-4E95-9E6F-1930B676A2B9}.Debug|x86.ActiveCfg = Debug|Any CPU
		{3D748786-7408-4E95-9E6F-1930B676A2B9}.Debug|x86.Build.0 = Debug|Any CPU
		{3D748786-7408-4E95-9E6F-1930B676A2B9}.Release|Any CPU.ActiveCfg = Release|Any CPU
		{3D748786-7408-4E95-9E6F-1930B676A2B9}.Release|Any CPU.Build.0 = Release|Any CPU
		{3D748786-7408-4E95-9E6F-1930B676A2B9}.Release|ARM.ActiveCfg = Release|Any CPU
		{3D748786-7408-4E95-9E6F-1930B676A2B9}.Release|ARM.Build.0 = Release|Any CPU
		{3D748786-7408-4E95-9E6F-1930B676A2B9}.Release|iPhone.ActiveCfg = Release|Any CPU
		{3D748786-7408-4E95-9E6F-1930B676A2B9}.Release|iPhone.Build.0 = Release|Any CPU
		{3D748786-7408-4E95-9E6F-1930B676A2B9}.Release|iPhoneSimulator.ActiveCfg = Release|Any CPU
		{3D748786-7408-4E95-9E6F-1930B676A2B9}.Release|iPhoneSimulator.Build.0 = Release|Any CPU
		{3D748786-7408-4E95-9E6F-1930B676A2B9}.Release|x64.ActiveCfg = Release|Any CPU
		{3D748786-7408-4E95-9E6F-1930B676A2B9}.Release|x64.Build.0 = Release|Any CPU
		{3D748786-7408-4E95-9E6F-1930B676A2B9}.Release|x86.ActiveCfg = Release|Any CPU
		{3D748786-7408-4E95-9E6F-1930B676A2B9}.Release|x86.Build.0 = Release|Any CPU
	EndGlobalSection
	GlobalSection(SolutionProperties) = preSolution
		HideSolutionNode = FALSE
	EndGlobalSection
	GlobalSection(NestedProjects) = preSolution
		{ACDCA1FA-EAFB-4584-82EB-DC5458D7538A} = {EA13823E-0347-4018-AA3D-FD52578D0FBF}
		{455657D0-BA68-4D63-A6C6-81915B7F2594} = {EA13823E-0347-4018-AA3D-FD52578D0FBF}
		{802B5838-FE76-4073-A227-B59801F5831D} = {FEF499C5-A192-437D-B937-800C4A3BEEC1}
		{B6A6565D-ACB8-414D-8F15-B0906E40E85D} = {1E695CA6-246E-4D6E-8E5B-471278317095}
		{7A874D23-442A-4D46-A5D4-93C6EB50A84B} = {EA13823E-0347-4018-AA3D-FD52578D0FBF}
		{C7CE17B6-6D96-4E72-AD3E-61B7181F9A73} = {EA13823E-0347-4018-AA3D-FD52578D0FBF}
		{E3D97E6E-23A7-42C5-A3C9-D3DB17CF7546} = {EA13823E-0347-4018-AA3D-FD52578D0FBF}
		{9D2B850E-ECDF-4EE6-B51F-EBBF4E59CCE6} = {EA13823E-0347-4018-AA3D-FD52578D0FBF}
		{0FE6D9BB-27B2-4CE4-A63E-15F63617D0CD} = {EA13823E-0347-4018-AA3D-FD52578D0FBF}
		{3D748786-7408-4E95-9E6F-1930B676A2B9} = {FEF499C5-A192-437D-B937-800C4A3BEEC1}
	EndGlobalSection
	GlobalSection(ExtensibilityGlobals) = postSolution
		SolutionGuid = {7D6DADFC-6A8F-4A18-89FA-1FB749804C11}
	EndGlobalSection
EndGlobal
